
Microsoft Visual Studio Solution File, Format Version 12.00
# Visual Studio Version 16
VisualStudioVersion = 16.0.31911.196
MinimumVisualStudioVersion = 10.0.40219.1
Project("{00D1A9C2-B5F0-4AF3-8072-F6C62B433612}") = "Database1", "Database1\Database1.sqlproj", "{1E51B13B-5074-466C-ACBE-B7149D565267}"
EndProject
Global
	GlobalSection(SolutionConfigurationPlatforms) = preSolution
		Debug|Any CPU = Debug|Any CPU
		Release|Any CPU = Release|Any CPU
	EndGlobalSection
	GlobalSection(ProjectConfigurationPlatforms) = postSolution
		{1E51B13B-5074-466C-ACBE-B7149D565267}.Debug|Any CPU.ActiveCfg = Debug|Any CPU
		{1E51B13B-5074-466C-ACBE-B7149D565267}.Debug|Any CPU.Build.0 = Debug|Any CPU
		{1E51B13B-5074-466C-ACBE-B7149D565267}.Debug|Any CPU.Deploy.0 = Debug|Any CPU
		{1E51B13B-5074-466C-ACBE-B7149D565267}.Release|Any CPU.ActiveCfg = Release|Any CPU
		{1E51B13B-5074-466C-ACBE-B7149D565267}.Release|Any CPU.Build.0 = Release|Any CPU
		{1E51B13B-5074-466C-ACBE-B7149D565267}.Release|Any CPU.Deploy.0 = Release|Any CPU
	EndGlobalSection
	GlobalSection(SolutionProperties) = preSolution
		HideSolutionNode = FALSE
	EndGlobalSection
	GlobalSection(ExtensibilityGlobals) = postSolution
		SolutionGuid = {02D70112-827A-4F12-A868-1C6093B00819}
	EndGlobalSection
EndGlobal
